// !$*UTF8*$!
{
	archiveVersion = 1;
	classes = {
	};
	objectVersion = 48;
	objects = {

/* Begin PBXBuildFile section */
		0432301BB97C2D4B401DCBE2 /* Pods_tsunagaru_kun.framework in Frameworks */ = {isa = PBXBuildFile; fileRef = 8293ED9C33CE70F25230FB10 /* Pods_tsunagaru_kun.framework */; };
		552EBB6821489DF1006D70EC /* Login.storyboard in Resources */ = {isa = PBXBuildFile; fileRef = 552EBB6721489DF1006D70EC /* Login.storyboard */; };
		552EBB6A21489E14006D70EC /* Signup.storyboard in Resources */ = {isa = PBXBuildFile; fileRef = 552EBB6921489E14006D70EC /* Signup.storyboard */; };
		552EBB6C21489E22006D70EC /* Devicelist.storyboard in Resources */ = {isa = PBXBuildFile; fileRef = 552EBB6B21489E22006D70EC /* Devicelist.storyboard */; };
		552EBB6E21489E2D006D70EC /* Adddevice.storyboard in Resources */ = {isa = PBXBuildFile; fileRef = 552EBB6D21489E2D006D70EC /* Adddevice.storyboard */; };
		552EBB7021489E4A006D70EC /* Devicedetail.storyboard in Resources */ = {isa = PBXBuildFile; fileRef = 552EBB6F21489E4A006D70EC /* Devicedetail.storyboard */; };
		552EBB7221489E58006D70EC /* Settings.storyboard in Resources */ = {isa = PBXBuildFile; fileRef = 552EBB7121489E58006D70EC /* Settings.storyboard */; };
		552EBB7421489E66006D70EC /* Usersettings.storyboard in Resources */ = {isa = PBXBuildFile; fileRef = 552EBB7321489E66006D70EC /* Usersettings.storyboard */; };
		552EBB7621489E74006D70EC /* Notification.storyboard in Resources */ = {isa = PBXBuildFile; fileRef = 552EBB7521489E74006D70EC /* Notification.storyboard */; };
		552EBB7821489E89006D70EC /* Generalsettings.storyboard in Resources */ = {isa = PBXBuildFile; fileRef = 552EBB7721489E89006D70EC /* Generalsettings.storyboard */; };
		552EBB7A2148A30D006D70EC /* Settings.swift in Sources */ = {isa = PBXBuildFile; fileRef = 552EBB792148A30D006D70EC /* Settings.swift */; };
		552EBB7E2148E23C006D70EC /* LoginViewController.swift in Sources */ = {isa = PBXBuildFile; fileRef = 552EBB7D2148E23C006D70EC /* LoginViewController.swift */; };
		5586B589215BC3FC000FB52B /* Devicelist.swift in Sources */ = {isa = PBXBuildFile; fileRef = 5586B588215BC3FC000FB52B /* Devicelist.swift */; };
		55F2447F216CE5E600BEFA69 /* File.swift in Sources */ = {isa = PBXBuildFile; fileRef = 55F2447E216CE5E600BEFA69 /* File.swift */; };
		941CD68D2148E23D005681D1 /* SignupViewController.swift in Sources */ = {isa = PBXBuildFile; fileRef = 941CD68C2148E23D005681D1 /* SignupViewController.swift */; };
		FB0D8FA420E62444005A18C6 /* AppDelegate.swift in Sources */ = {isa = PBXBuildFile; fileRef = FB0D8FA320E62444005A18C6 /* AppDelegate.swift */; };
		FB0D8FA620E62444005A18C6 /* ViewController.swift in Sources */ = {isa = PBXBuildFile; fileRef = FB0D8FA520E62444005A18C6 /* ViewController.swift */; };
		FB0D8FAB20E62444005A18C6 /* Assets.xcassets in Resources */ = {isa = PBXBuildFile; fileRef = FB0D8FAA20E62444005A18C6 /* Assets.xcassets */; };
		FB0D8FAE20E62444005A18C6 /* LaunchScreen.storyboard in Resources */ = {isa = PBXBuildFile; fileRef = FB0D8FAC20E62444005A18C6 /* LaunchScreen.storyboard */; };
/* End PBXBuildFile section */

/* Begin PBXFileReference section */
		4A13E4A580D1D0E576B94295 /* Pods-tsunagaru-kun.release.xcconfig */ = {isa = PBXFileReference; includeInIndex = 1; lastKnownFileType = text.xcconfig; name = "Pods-tsunagaru-kun.release.xcconfig"; path = "Pods/Target Support Files/Pods-tsunagaru-kun/Pods-tsunagaru-kun.release.xcconfig"; sourceTree = "<group>"; };
		552EBB6721489DF1006D70EC /* Login.storyboard */ = {isa = PBXFileReference; lastKnownFileType = file.storyboard; path = Login.storyboard; sourceTree = "<group>"; };
		552EBB6921489E14006D70EC /* Signup.storyboard */ = {isa = PBXFileReference; lastKnownFileType = file.storyboard; path = Signup.storyboard; sourceTree = "<group>"; };
		552EBB6B21489E22006D70EC /* Devicelist.storyboard */ = {isa = PBXFileReference; lastKnownFileType = file.storyboard; path = Devicelist.storyboard; sourceTree = "<group>"; };
		552EBB6D21489E2D006D70EC /* Adddevice.storyboard */ = {isa = PBXFileReference; lastKnownFileType = file.storyboard; path = Adddevice.storyboard; sourceTree = "<group>"; };
		552EBB6F21489E4A006D70EC /* Devicedetail.storyboard */ = {isa = PBXFileReference; lastKnownFileType = file.storyboard; path = Devicedetail.storyboard; sourceTree = "<group>"; };
		552EBB7121489E58006D70EC /* Settings.storyboard */ = {isa = PBXFileReference; lastKnownFileType = file.storyboard; path = Settings.storyboard; sourceTree = "<group>"; };
		552EBB7321489E66006D70EC /* Usersettings.storyboard */ = {isa = PBXFileReference; lastKnownFileType = file.storyboard; path = Usersettings.storyboard; sourceTree = "<group>"; };
		552EBB7521489E74006D70EC /* Notification.storyboard */ = {isa = PBXFileReference; lastKnownFileType = file.storyboard; path = Notification.storyboard; sourceTree = "<group>"; };
		552EBB7721489E89006D70EC /* Generalsettings.storyboard */ = {isa = PBXFileReference; lastKnownFileType = file.storyboard; path = Generalsettings.storyboard; sourceTree = "<group>"; };
		552EBB792148A30D006D70EC /* Settings.swift */ = {isa = PBXFileReference; lastKnownFileType = sourcecode.swift; path = Settings.swift; sourceTree = "<group>"; };
		552EBB7D2148E23C006D70EC /* LoginViewController.swift */ = {isa = PBXFileReference; lastKnownFileType = sourcecode.swift; path = LoginViewController.swift; sourceTree = "<group>"; };
		5586B588215BC3FC000FB52B /* Devicelist.swift */ = {isa = PBXFileReference; lastKnownFileType = sourcecode.swift; path = Devicelist.swift; sourceTree = "<group>"; };
		55F2447E216CE5E600BEFA69 /* File.swift */ = {isa = PBXFileReference; lastKnownFileType = sourcecode.swift; path = File.swift; sourceTree = "<group>"; };
		8293ED9C33CE70F25230FB10 /* Pods_tsunagaru_kun.framework */ = {isa = PBXFileReference; explicitFileType = wrapper.framework; includeInIndex = 0; path = Pods_tsunagaru_kun.framework; sourceTree = BUILT_PRODUCTS_DIR; };
		941CD68C2148E23D005681D1 /* SignupViewController.swift */ = {isa = PBXFileReference; lastKnownFileType = sourcecode.swift; path = SignupViewController.swift; sourceTree = "<group>"; };
		F7A4FA74B803438AF6B62188 /* Pods-tsunagaru-kun.debug.xcconfig */ = {isa = PBXFileReference; includeInIndex = 1; lastKnownFileType = text.xcconfig; name = "Pods-tsunagaru-kun.debug.xcconfig"; path = "Pods/Target Support Files/Pods-tsunagaru-kun/Pods-tsunagaru-kun.debug.xcconfig"; sourceTree = "<group>"; };
		FB0D8FA020E62444005A18C6 /* tsunagaru-kun.app */ = {isa = PBXFileReference; explicitFileType = wrapper.application; includeInIndex = 0; path = "tsunagaru-kun.app"; sourceTree = BUILT_PRODUCTS_DIR; };
		FB0D8FA320E62444005A18C6 /* AppDelegate.swift */ = {isa = PBXFileReference; lastKnownFileType = sourcecode.swift; path = AppDelegate.swift; sourceTree = "<group>"; };
		FB0D8FA520E62444005A18C6 /* ViewController.swift */ = {isa = PBXFileReference; lastKnownFileType = sourcecode.swift; path = ViewController.swift; sourceTree = "<group>"; };
		FB0D8FAA20E62444005A18C6 /* Assets.xcassets */ = {isa = PBXFileReference; lastKnownFileType = folder.assetcatalog; path = Assets.xcassets; sourceTree = "<group>"; };
		FB0D8FAD20E62444005A18C6 /* Base */ = {isa = PBXFileReference; lastKnownFileType = file.storyboard; name = Base; path = Base.lproj/LaunchScreen.storyboard; sourceTree = "<group>"; };
		FB0D8FAF20E62444005A18C6 /* Info.plist */ = {isa = PBXFileReference; lastKnownFileType = text.plist.xml; path = Info.plist; sourceTree = "<group>"; };
/* End PBXFileReference section */

/* Begin PBXFrameworksBuildPhase section */
		FB0D8F9D20E62444005A18C6 /* Frameworks */ = {
			isa = PBXFrameworksBuildPhase;
			buildActionMask = 2147483647;
			files = (
				0432301BB97C2D4B401DCBE2 /* Pods_tsunagaru_kun.framework in Frameworks */,
			);
			runOnlyForDeploymentPostprocessing = 0;
		};
/* End PBXFrameworksBuildPhase section */

/* Begin PBXGroup section */
		13BE6B6ADDB76D2C91D0B1C8 /* Frameworks */ = {
			isa = PBXGroup;
			children = (
				8293ED9C33CE70F25230FB10 /* Pods_tsunagaru_kun.framework */,
			);
			name = Frameworks;
			sourceTree = "<group>";
		};
		552EBB5C21489C60006D70EC /* UI */ = {
			isa = PBXGroup;
			children = (
				552EBB6021489CDF006D70EC /* Adddevice */,
				552EBB6121489D5A006D70EC /* Devicedetail */,
				552EBB5F21489CC8006D70EC /* Devicelist */,
				552EBB6621489DC0006D70EC /* Generalsettings */,
				552EBB5D21489C91006D70EC /* Login */,
				552EBB6521489DB2006D70EC /* Notification */,
				552EBB6221489D6C006D70EC /* Settings */,
				552EBB5E21489CB6006D70EC /* Signup */,
				552EBB6421489DA6006D70EC /* Usersettings */,
			);
			path = UI;
			sourceTree = "<group>";
		};
		552EBB5D21489C91006D70EC /* Login */ = {
			isa = PBXGroup;
			children = (
				552EBB6721489DF1006D70EC /* Login.storyboard */,
				552EBB7D2148E23C006D70EC /* LoginViewController.swift */,
			);
			path = Login;
			sourceTree = "<group>";
		};
		552EBB5E21489CB6006D70EC /* Signup */ = {
			isa = PBXGroup;
			children = (
				552EBB6921489E14006D70EC /* Signup.storyboard */,
				941CD68C2148E23D005681D1 /* SignupViewController.swift */,
			);
			path = Signup;
			sourceTree = "<group>";
		};
		552EBB5F21489CC8006D70EC /* Devicelist */ = {
			isa = PBXGroup;
			children = (
				552EBB6B21489E22006D70EC /* Devicelist.storyboard */,
				5586B588215BC3FC000FB52B /* Devicelist.swift */,
			);
			path = Devicelist;
			sourceTree = "<group>";
		};
		552EBB6021489CDF006D70EC /* Adddevice */ = {
			isa = PBXGroup;
			children = (
				552EBB6D21489E2D006D70EC /* Adddevice.storyboard */,
			);
			path = Adddevice;
			sourceTree = "<group>";
		};
		552EBB6121489D5A006D70EC /* Devicedetail */ = {
			isa = PBXGroup;
			children = (
				552EBB6F21489E4A006D70EC /* Devicedetail.storyboard */,
			);
			path = Devicedetail;
			sourceTree = "<group>";
		};
		552EBB6221489D6C006D70EC /* Settings */ = {
			isa = PBXGroup;
			children = (
				552EBB7121489E58006D70EC /* Settings.storyboard */,
				55F2447E216CE5E600BEFA69 /* File.swift */,
			);
			path = Settings;
			sourceTree = "<group>";
		};
		552EBB6421489DA6006D70EC /* Usersettings */ = {
			isa = PBXGroup;
			children = (
				552EBB7321489E66006D70EC /* Usersettings.storyboard */,
			);
			path = Usersettings;
			sourceTree = "<group>";
		};
		552EBB6521489DB2006D70EC /* Notification */ = {
			isa = PBXGroup;
			children = (
				552EBB7521489E74006D70EC /* Notification.storyboard */,
			);
			path = Notification;
			sourceTree = "<group>";
		};
		552EBB6621489DC0006D70EC /* Generalsettings */ = {
			isa = PBXGroup;
			children = (
				552EBB7721489E89006D70EC /* Generalsettings.storyboard */,
			);
			path = Generalsettings;
			sourceTree = "<group>";
		};
		7F3026B789650B2C78213821 /* Pods */ = {
			isa = PBXGroup;
			children = (
				F7A4FA74B803438AF6B62188 /* Pods-tsunagaru-kun.debug.xcconfig */,
				4A13E4A580D1D0E576B94295 /* Pods-tsunagaru-kun.release.xcconfig */,
			);
			name = Pods;
			sourceTree = "<group>";
		};
		FB0D8F9720E62444005A18C6 = {
			isa = PBXGroup;
			children = (
				13BE6B6ADDB76D2C91D0B1C8 /* Frameworks */,
				7F3026B789650B2C78213821 /* Pods */,
				FB0D8FA120E62444005A18C6 /* Products */,
				FB0D8FA220E62444005A18C6 /* tsunagaru-kun */,
			);
			sourceTree = "<group>";
		};
		FB0D8FA120E62444005A18C6 /* Products */ = {
			isa = PBXGroup;
			children = (
				FB0D8FA020E62444005A18C6 /* tsunagaru-kun.app */,
			);
			name = Products;
			sourceTree = "<group>";
		};
		FB0D8FA220E62444005A18C6 /* tsunagaru-kun */ = {
			isa = PBXGroup;
			children = (
				552EBB5C21489C60006D70EC /* UI */,
				FB0D8FA320E62444005A18C6 /* AppDelegate.swift */,
				FB0D8FAA20E62444005A18C6 /* Assets.xcassets */,
				FB0D8FAF20E62444005A18C6 /* Info.plist */,
				FB0D8FAC20E62444005A18C6 /* LaunchScreen.storyboard */,
				FB0D8FA520E62444005A18C6 /* ViewController.swift */,
				552EBB792148A30D006D70EC /* Settings.swift */,
			);
			path = "tsunagaru-kun";
			sourceTree = "<group>";
		};
/* End PBXGroup section */

/* Begin PBXNativeTarget section */
		FB0D8F9F20E62444005A18C6 /* tsunagaru-kun */ = {
			isa = PBXNativeTarget;
			buildConfigurationList = FB0D8FB220E62444005A18C6 /* Build configuration list for PBXNativeTarget "tsunagaru-kun" */;
			buildPhases = (
				4F0849500ED605C42B0F872A /* [CP] Check Pods Manifest.lock */,
				FB0D8F9C20E62444005A18C6 /* Sources */,
				FB0D8F9D20E62444005A18C6 /* Frameworks */,
				FB0D8F9E20E62444005A18C6 /* Resources */,
				104CCFAABEDB28865810B3E8 /* [CP] Embed Pods Frameworks */,
			);
			buildRules = (
			);
			dependencies = (
			);
			name = "tsunagaru-kun";
			productName = "tsunagaru-kun";
			productReference = FB0D8FA020E62444005A18C6 /* tsunagaru-kun.app */;
			productType = "com.apple.product-type.application";
		};
/* End PBXNativeTarget section */

/* Begin PBXProject section */
		FB0D8F9820E62444005A18C6 /* Project object */ = {
			isa = PBXProject;
			attributes = {
				LastSwiftUpdateCheck = 0920;
				LastUpgradeCheck = 0920;
				ORGANIZATIONNAME = "softech-teama";
				TargetAttributes = {
					FB0D8F9F20E62444005A18C6 = {
						CreatedOnToolsVersion = 9.2;
						ProvisioningStyle = Automatic;
					};
				};
			};
			buildConfigurationList = FB0D8F9B20E62444005A18C6 /* Build configuration list for PBXProject "tsunagaru-kun" */;
			compatibilityVersion = "Xcode 8.0";
			developmentRegion = en;
			hasScannedForEncodings = 0;
			knownRegions = (
				en,
				Base,
			);
			mainGroup = FB0D8F9720E62444005A18C6;
			productRefGroup = FB0D8FA120E62444005A18C6 /* Products */;
			projectDirPath = "";
			projectRoot = "";
			targets = (
				FB0D8F9F20E62444005A18C6 /* tsunagaru-kun */,
			);
		};
/* End PBXProject section */

/* Begin PBXResourcesBuildPhase section */
		FB0D8F9E20E62444005A18C6 /* Resources */ = {
			isa = PBXResourcesBuildPhase;
			buildActionMask = 2147483647;
			files = (
				552EBB7821489E89006D70EC /* Generalsettings.storyboard in Resources */,
				552EBB6821489DF1006D70EC /* Login.storyboard in Resources */,
				552EBB7021489E4A006D70EC /* Devicedetail.storyboard in Resources */,
				FB0D8FAE20E62444005A18C6 /* LaunchScreen.storyboard in Resources */,
				552EBB6C21489E22006D70EC /* Devicelist.storyboard in Resources */,
				FB0D8FAB20E62444005A18C6 /* Assets.xcassets in Resources */,
				552EBB6A21489E14006D70EC /* Signup.storyboard in Resources */,
				552EBB7421489E66006D70EC /* Usersettings.storyboard in Resources */,
				552EBB7221489E58006D70EC /* Settings.storyboard in Resources */,
				552EBB6E21489E2D006D70EC /* Adddevice.storyboard in Resources */,
				552EBB7621489E74006D70EC /* Notification.storyboard in Resources */,
			);
			runOnlyForDeploymentPostprocessing = 0;
		};
/* End PBXResourcesBuildPhase section */

/* Begin PBXShellScriptBuildPhase section */
		104CCFAABEDB28865810B3E8 /* [CP] Embed Pods Frameworks */ = {
			isa = PBXShellScriptBuildPhase;
			buildActionMask = 2147483647;
			files = (
			);
			inputPaths = (
				"${SRCROOT}/Pods/Target Support Files/Pods-tsunagaru-kun/Pods-tsunagaru-kun-frameworks.sh",
				"${BUILT_PRODUCTS_DIR}/Alamofire/Alamofire.framework",
				"${BUILT_PRODUCTS_DIR}/AlamofireImage/AlamofireImage.framework",
				"${BUILT_PRODUCTS_DIR}/SwiftyJSON/SwiftyJSON.framework",
			);
			name = "[CP] Embed Pods Frameworks";
			outputPaths = (
				"${TARGET_BUILD_DIR}/${FRAMEWORKS_FOLDER_PATH}/Alamofire.framework",
				"${TARGET_BUILD_DIR}/${FRAMEWORKS_FOLDER_PATH}/AlamofireImage.framework",
				"${TARGET_BUILD_DIR}/${FRAMEWORKS_FOLDER_PATH}/SwiftyJSON.framework",
			);
			runOnlyForDeploymentPostprocessing = 0;
			shellPath = /bin/sh;
			shellScript = "\"${SRCROOT}/Pods/Target Support Files/Pods-tsunagaru-kun/Pods-tsunagaru-kun-frameworks.sh\"\n";
			showEnvVarsInLog = 0;
		};
		4F0849500ED605C42B0F872A /* [CP] Check Pods Manifest.lock */ = {
			isa = PBXShellScriptBuildPhase;
			buildActionMask = 2147483647;
			files = (
			);
			inputPaths = (
				"${PODS_PODFILE_DIR_PATH}/Podfile.lock",
				"${PODS_ROOT}/Manifest.lock",
			);
			name = "[CP] Check Pods Manifest.lock";
			outputPaths = (
				"$(DERIVED_FILE_DIR)/Pods-tsunagaru-kun-checkManifestLockResult.txt",
			);
			runOnlyForDeploymentPostprocessing = 0;
			shellPath = /bin/sh;
			shellScript = "diff \"${PODS_PODFILE_DIR_PATH}/Podfile.lock\" \"${PODS_ROOT}/Manifest.lock\" > /dev/null\nif [ $? != 0 ] ; then\n    # print error to STDERR\n    echo \"error: The sandbox is not in sync with the Podfile.lock. Run 'pod install' or update your CocoaPods installation.\" >&2\n    exit 1\nfi\n# This output is used by Xcode 'outputs' to avoid re-running this script phase.\necho \"SUCCESS\" > \"${SCRIPT_OUTPUT_FILE_0}\"\n";
			showEnvVarsInLog = 0;
		};
/* End PBXShellScriptBuildPhase section */

/* Begin PBXSourcesBuildPhase section */
		FB0D8F9C20E62444005A18C6 /* Sources */ = {
			isa = PBXSourcesBuildPhase;
			buildActionMask = 2147483647;
			files = (
				552EBB7E2148E23C006D70EC /* LoginViewController.swift in Sources */,
				5586B589215BC3FC000FB52B /* Devicelist.swift in Sources */,
				55F2447F216CE5E600BEFA69 /* File.swift in Sources */,
				552EBB7A2148A30D006D70EC /* Settings.swift in Sources */,
				FB0D8FA620E62444005A18C6 /* ViewController.swift in Sources */,
				941CD68D2148E23D005681D1 /* SignupViewController.swift in Sources */,
				FB0D8FA420E62444005A18C6 /* AppDelegate.swift in Sources */,
			);
			runOnlyForDeploymentPostprocessing = 0;
		};
/* End PBXSourcesBuildPhase section */

/* Begin PBXVariantGroup section */
		FB0D8FAC20E62444005A18C6 /* LaunchScreen.storyboard */ = {
			isa = PBXVariantGroup;
			children = (
				FB0D8FAD20E62444005A18C6 /* Base */,
			);
			name = LaunchScreen.storyboard;
			path = .;
			sourceTree = "<group>";
		};
/* End PBXVariantGroup section */

/* Begin XCBuildConfiguration section */
		FB0D8FB020E62444005A18C6 /* Debug */ = {
			isa = XCBuildConfiguration;
			buildSettings = {
				ALWAYS_SEARCH_USER_PATHS = NO;
				CLANG_ANALYZER_NONNULL = YES;
				CLANG_ANALYZER_NUMBER_OBJECT_CONVERSION = YES_AGGRESSIVE;
				CLANG_CXX_LANGUAGE_STANDARD = "gnu++14";
				CLANG_CXX_LIBRARY = "libc++";
				CLANG_ENABLE_MODULES = YES;
				CLANG_ENABLE_OBJC_ARC = YES;
				CLANG_WARN_BLOCK_CAPTURE_AUTORELEASING = YES;
				CLANG_WARN_BOOL_CONVERSION = YES;
				CLANG_WARN_COMMA = YES;
				CLANG_WARN_CONSTANT_CONVERSION = YES;
				CLANG_WARN_DIRECT_OBJC_ISA_USAGE = YES_ERROR;
				CLANG_WARN_DOCUMENTATION_COMMENTS = YES;
				CLANG_WARN_EMPTY_BODY = YES;
				CLANG_WARN_ENUM_CONVERSION = YES;
				CLANG_WARN_INFINITE_RECURSION = YES;
				CLANG_WARN_INT_CONVERSION = YES;
				CLANG_WARN_NON_LITERAL_NULL_CONVERSION = YES;
				CLANG_WARN_OBJC_LITERAL_CONVERSION = YES;
				CLANG_WARN_OBJC_ROOT_CLASS = YES_ERROR;
				CLANG_WARN_RANGE_LOOP_ANALYSIS = YES;
				CLANG_WARN_STRICT_PROTOTYPES = YES;
				CLANG_WARN_SUSPICIOUS_MOVE = YES;
				CLANG_WARN_UNGUARDED_AVAILABILITY = YES_AGGRESSIVE;
				CLANG_WARN_UNREACHABLE_CODE = YES;
				CLANG_WARN__DUPLICATE_METHOD_MATCH = YES;
				CODE_SIGN_IDENTITY = "iPhone Developer";
				COPY_PHASE_STRIP = NO;
				DEBUG_INFORMATION_FORMAT = dwarf;
				ENABLE_STRICT_OBJC_MSGSEND = YES;
				ENABLE_TESTABILITY = YES;
				GCC_C_LANGUAGE_STANDARD = gnu11;
				GCC_DYNAMIC_NO_PIC = NO;
				GCC_NO_COMMON_BLOCKS = YES;
				GCC_OPTIMIZATION_LEVEL = 0;
				GCC_PREPROCESSOR_DEFINITIONS = (
					"DEBUG=1",
					"$(inherited)",
				);
				GCC_WARN_64_TO_32_BIT_CONVERSION = YES;
				GCC_WARN_ABOUT_RETURN_TYPE = YES_ERROR;
				GCC_WARN_UNDECLARED_SELECTOR = YES;
				GCC_WARN_UNINITIALIZED_AUTOS = YES_AGGRESSIVE;
				GCC_WARN_UNUSED_FUNCTION = YES;
				GCC_WARN_UNUSED_VARIABLE = YES;
				IPHONEOS_DEPLOYMENT_TARGET = 11.2;
				MTL_ENABLE_DEBUG_INFO = YES;
				ONLY_ACTIVE_ARCH = YES;
				SDKROOT = iphoneos;
				SWIFT_ACTIVE_COMPILATION_CONDITIONS = DEBUG;
				SWIFT_OPTIMIZATION_LEVEL = "-Onone";
			};
			name = Debug;
		};
		FB0D8FB120E62444005A18C6 /* Release */ = {
			isa = XCBuildConfiguration;
			buildSettings = {
				ALWAYS_SEARCH_USER_PATHS = NO;
				CLANG_ANALYZER_NONNULL = YES;
				CLANG_ANALYZER_NUMBER_OBJECT_CONVERSION = YES_AGGRESSIVE;
				CLANG_CXX_LANGUAGE_STANDARD = "gnu++14";
				CLANG_CXX_LIBRARY = "libc++";
				CLANG_ENABLE_MODULES = YES;
				CLANG_ENABLE_OBJC_ARC = YES;
				CLANG_WARN_BLOCK_CAPTURE_AUTORELEASING = YES;
				CLANG_WARN_BOOL_CONVERSION = YES;
				CLANG_WARN_COMMA = YES;
				CLANG_WARN_CONSTANT_CONVERSION = YES;
				CLANG_WARN_DIRECT_OBJC_ISA_USAGE = YES_ERROR;
				CLANG_WARN_DOCUMENTATION_COMMENTS = YES;
				CLANG_WARN_EMPTY_BODY = YES;
				CLANG_WARN_ENUM_CONVERSION = YES;
				CLANG_WARN_INFINITE_RECURSION = YES;
				CLANG_WARN_INT_CONVERSION = YES;
				CLANG_WARN_NON_LITERAL_NULL_CONVERSION = YES;
				CLANG_WARN_OBJC_LITERAL_CONVERSION = YES;
				CLANG_WARN_OBJC_ROOT_CLASS = YES_ERROR;
				CLANG_WARN_RANGE_LOOP_ANALYSIS = YES;
				CLANG_WARN_STRICT_PROTOTYPES = YES;
				CLANG_WARN_SUSPICIOUS_MOVE = YES;
				CLANG_WARN_UNGUARDED_AVAILABILITY = YES_AGGRESSIVE;
				CLANG_WARN_UNREACHABLE_CODE = YES;
				CLANG_WARN__DUPLICATE_METHOD_MATCH = YES;
				CODE_SIGN_IDENTITY = "iPhone Developer";
				COPY_PHASE_STRIP = NO;
				DEBUG_INFORMATION_FORMAT = "dwarf-with-dsym";
				ENABLE_NS_ASSERTIONS = NO;
				ENABLE_STRICT_OBJC_MSGSEND = YES;
				GCC_C_LANGUAGE_STANDARD = gnu11;
				GCC_NO_COMMON_BLOCKS = YES;
				GCC_WARN_64_TO_32_BIT_CONVERSION = YES;
				GCC_WARN_ABOUT_RETURN_TYPE = YES_ERROR;
				GCC_WARN_UNDECLARED_SELECTOR = YES;
				GCC_WARN_UNINITIALIZED_AUTOS = YES_AGGRESSIVE;
				GCC_WARN_UNUSED_FUNCTION = YES;
				GCC_WARN_UNUSED_VARIABLE = YES;
				IPHONEOS_DEPLOYMENT_TARGET = 11.2;
				MTL_ENABLE_DEBUG_INFO = NO;
				SDKROOT = iphoneos;
				SWIFT_OPTIMIZATION_LEVEL = "-Owholemodule";
				VALIDATE_PRODUCT = YES;
			};
			name = Release;
		};
		FB0D8FB320E62444005A18C6 /* Debug */ = {
			isa = XCBuildConfiguration;
			baseConfigurationReference = F7A4FA74B803438AF6B62188 /* Pods-tsunagaru-kun.debug.xcconfig */;
			buildSettings = {
				ASSETCATALOG_COMPILER_APPICON_NAME = AppIcon;
				CODE_SIGN_STYLE = Automatic;
				DEVELOPMENT_TEAM = 3GRV8A88XT;
				INFOPLIST_FILE = "tsunagaru-kun/Info.plist";
				LD_RUNPATH_SEARCH_PATHS = "$(inherited) @executable_path/Frameworks";
				PRODUCT_BUNDLE_IDENTIFIER = "softech-teama.tsunagaru-kun";
				PRODUCT_NAME = "$(TARGET_NAME)";
				SWIFT_VERSION = 4.0;
				TARGETED_DEVICE_FAMILY = "1,2";
			};
			name = Debug;
		};
		FB0D8FB420E62444005A18C6 /* Release */ = {
			isa = XCBuildConfiguration;
			baseConfigurationReference = 4A13E4A580D1D0E576B94295 /* Pods-tsunagaru-kun.release.xcconfig */;
			buildSettings = {
				ASSETCATALOG_COMPILER_APPICON_NAME = AppIcon;
				CODE_SIGN_STYLE = Automatic;
				DEVELOPMENT_TEAM = 3GRV8A88XT;
				INFOPLIST_FILE = "tsunagaru-kun/Info.plist";
				LD_RUNPATH_SEARCH_PATHS = "$(inherited) @executable_path/Frameworks";
				PRODUCT_BUNDLE_IDENTIFIER = "softech-teama.tsunagaru-kun";
				PRODUCT_NAME = "$(TARGET_NAME)";
				SWIFT_VERSION = 4.0;
				TARGETED_DEVICE_FAMILY = "1,2";
			};
			name = Release;
		};
/* End XCBuildConfiguration section */

/* Begin XCConfigurationList section */
		FB0D8F9B20E62444005A18C6 /* Build configuration list for PBXProject "tsunagaru-kun" */ = {
			isa = XCConfigurationList;
			buildConfigurations = (
				FB0D8FB020E62444005A18C6 /* Debug */,
				FB0D8FB120E62444005A18C6 /* Release */,
			);
			defaultConfigurationIsVisible = 0;
			defaultConfigurationName = Release;
		};
		FB0D8FB220E62444005A18C6 /* Build configuration list for PBXNativeTarget "tsunagaru-kun" */ = {
			isa = XCConfigurationList;
			buildConfigurations = (
				FB0D8FB320E62444005A18C6 /* Debug */,
				FB0D8FB420E62444005A18C6 /* Release */,
			);
			defaultConfigurationIsVisible = 0;
			defaultConfigurationName = Release;
		};
/* End XCConfigurationList section */
	};
	rootObject = FB0D8F9820E62444005A18C6 /* Project object */;
}
